
Microsoft Visual Studio Solution File, Format Version 12.00
# Visual Studio Version 16
VisualStudioVersion = 16.0.31313.79
MinimumVisualStudioVersion = 10.0.40219.1
Project("{FAE04EC0-301F-11D3-BF4B-00C04F79EFBC}") = "PlanFactPractice", "PlanFactPractice\PlanFactPractice.csproj", "{52DDC4E0-3DCA-4A0F-B6DC-7EFD200EB87D}"
EndProject
Global
	GlobalSection(SolutionConfigurationPlatforms) = preSolution
		Debug|Any CPU = Debug|Any CPU
		Release|Any CPU = Release|Any CPU
	EndGlobalSection
	GlobalSection(ProjectConfigurationPlatforms) = postSolution
		{52DDC4E0-3DCA-4A0F-B6DC-7EFD200EB87D}.Debug|Any CPU.ActiveCfg = Debug|Any CPU
		{52DDC4E0-3DCA-4A0F-B6DC-7EFD200EB87D}.Debug|Any CPU.Build.0 = Debug|Any CPU
		{52DDC4E0-3DCA-4A0F-B6DC-7EFD200EB87D}.Release|Any CPU.ActiveCfg = Release|Any CPU
		{52DDC4E0-3DCA-4A0F-B6DC-7EFD200EB87D}.Release|Any CPU.Build.0 = Release|Any CPU
	EndGlobalSection
	GlobalSection(SolutionProperties) = preSolution
		HideSolutionNode = FALSE
	EndGlobalSection
	GlobalSection(ExtensibilityGlobals) = postSolution
		SolutionGuid = {BABC5DBB-60F6-4D16-9A11-9FDF7A529839}
	EndGlobalSection
EndGlobal
